
Microsoft Visual Studio Solution File, Format Version 12.00
# Visual Studio Version 17
VisualStudioVersion = 17.11.35312.102
MinimumVisualStudioVersion = 10.0.40219.1
Project("{9A19103F-16F7-4668-BE54-9A1E7A4F7556}") = "AKNet", "AKNet\AKNet.csproj", "{40E49D56-8F67-4573-8401-1B885705F846}"
EndProject
Project("{2150E333-8FDC-42A3-9474-1A3956D46DE8}") = "Test", "Test", "{E7F4E028-0E92-437E-972D-0615F3CC9DAF}"
EndProject
Project("{9A19103F-16F7-4668-BE54-9A1E7A4F7556}") = "TestTcpClient", "TestTcpClient\TestTcpClient.csproj", "{90BD5D3A-7B09-4E2E-9FDF-2A2A2D065A65}"
EndProject
Project("{9A19103F-16F7-4668-BE54-9A1E7A4F7556}") = "TestTcpServer", "TestTcpServer\TestTcpServer.csproj", "{44128142-7DC0-47DF-93EE-F1BD7A5EC843}"
EndProject
Project("{9A19103F-16F7-4668-BE54-9A1E7A4F7556}") = "TestUdpClient", "TestUdpClient\TestUdpClient.csproj", "{B0ACC2A4-CB8F-46DB-8884-08D789DB50D0}"
EndProject
Project("{9A19103F-16F7-4668-BE54-9A1E7A4F7556}") = "TestUdpServer", "TestUdpServer\TestUdpServer.csproj", "{8EB67438-F5DC-49F8-8B05-81BC9FDD0CC2}"
EndProject
Project("{9A19103F-16F7-4668-BE54-9A1E7A4F7556}") = "OtherTest", "OtherTest\OtherTest.csproj", "{D154DFF4-AD2B-430A-B278-193F4E1F8A7E}"
EndProject
Project("{9A19103F-16F7-4668-BE54-9A1E7A4F7556}") = "CopyrightProtectionTool", "CopyrightProtectionTool\CopyrightProtectionTool.csproj", "{B1798EC5-F6E9-4A5E-855D-00249B2E3340}"
EndProject
Project("{9A19103F-16F7-4668-BE54-9A1E7A4F7556}") = "TestCommon", "TestCommon\TestCommon.csproj", "{5358DC0F-206C-4E2B-8AE8-AA4F354740DE}"
EndProject
Project("{9A19103F-16F7-4668-BE54-9A1E7A4F7556}") = "AkNetEditorTest", "AkNetEditorTest\AkNetEditorTest.csproj", "{782E7897-6C85-4CD3-ADC7-F29986AA03E8}"
EndProject
Project("{9A19103F-16F7-4668-BE54-9A1E7A4F7556}") = "githubExample", "githubExample\githubExample.csproj", "{A9869E10-588F-4535-84C0-32AF3FF41053}"
EndProject
Project("{9A19103F-16F7-4668-BE54-9A1E7A4F7556}") = "TestNetClient", "TestNetClient\TestNetClient.csproj", "{4194BC60-926E-402D-A13B-4F739D5A4379}"
EndProject
Project("{9A19103F-16F7-4668-BE54-9A1E7A4F7556}") = "TestNetServer", "TestNetServer\TestNetServer.csproj", "{9D27AB45-2CD5-472B-AC3B-89843760B3E4}"
EndProject
Project("{9A19103F-16F7-4668-BE54-9A1E7A4F7556}") = "AKNet.Extentions.Protobuf", "AKNet.Extentions.Protobuf\AKNet.Extentions.Protobuf.csproj", "{3AE5BC20-37A8-4B0E-BD69-BFC32461DFB0}"
EndProject
Project("{FAE04EC0-301F-11D3-BF4B-00C04F79EFBC}") = "CppSharpExample", "CppSharpExample\CppSharpExample.csproj", "{75214A7A-3F65-432E-913A-A3CC59631572}"
EndProject
Project("{FAE04EC0-301F-11D3-BF4B-00C04F79EFBC}") = "AKNet.MSQuic.Binding", "AKNet.MSQuic.Binding\AKNet.MSQuic.Binding.csproj", "{D9426D4F-1522-46C1-B1C4-9DCA13482F7B}"
EndProject
Project("{2150E333-8FDC-42A3-9474-1A3956D46DE8}") = "CppSharp", "CppSharp", "{6012C335-E7E3-4283-AE2C-9DD3DD27E171}"
EndProject
Project("{FAE04EC0-301F-11D3-BF4B-00C04F79EFBC}") = "ClangSharpExample", "ClangSharpExample\ClangSharpExample.csproj", "{52CC46ED-1B46-4167-9BFB-CB688243D031}"
EndProject
Project("{FAE04EC0-301F-11D3-BF4B-00C04F79EFBC}") = "Empty", "Empty\Empty.csproj", "{28142C80-815F-4D35-A1D8-378FC2E506E9}"
EndProject
Project("{FAE04EC0-301F-11D3-BF4B-00C04F79EFBC}") = "SSLStream_ServerExample", "SSLStream_ServerExample\SSLStream_ServerExample.csproj", "{014DC144-DE8A-4A04-87B3-F518EF1C8D75}"
EndProject
Project("{FAE04EC0-301F-11D3-BF4B-00C04F79EFBC}") = "SSLStream_ClientExample", "SSLStream_ClientExample\SSLStream_ClientExample.csproj", "{A8896EE3-FDC8-4AA8-8A7A-D3E83FE5C65A}"
EndProject
Project("{8BC9CEB8-8B4A-11D0-8D11-00A0C91BC942}") = "QuicTlsCC", "QuicTlsCC\QuicTlsCC.vcxproj", "{70DD76E0-02B4-440D-92D6-0E41B401799C}"
EndProject
Project("{FAE04EC0-301F-11D3-BF4B-00C04F79EFBC}") = "AKNet.Platform", "AKNet.Platform\AKNet.Platform.csproj", "{96A02EC3-D9AD-49B7-A179-80483C10DF66}"
EndProject
Global
	GlobalSection(SolutionConfigurationPlatforms) = preSolution
		Debug|Any CPU = Debug|Any CPU
		Debug|x64 = Debug|x64
		Debug|x86 = Debug|x86
		Release|Any CPU = Release|Any CPU
		Release|x64 = Release|x64
		Release|x86 = Release|x86
	EndGlobalSection
	GlobalSection(ProjectConfigurationPlatforms) = postSolution
		{40E49D56-8F67-4573-8401-1B885705F846}.Debug|Any CPU.ActiveCfg = Debug|Any CPU
		{40E49D56-8F67-4573-8401-1B885705F846}.Debug|Any CPU.Build.0 = Debug|Any CPU
		{40E49D56-8F67-4573-8401-1B885705F846}.Debug|x64.ActiveCfg = Debug|Any CPU
		{40E49D56-8F67-4573-8401-1B885705F846}.Debug|x64.Build.0 = Debug|Any CPU
		{40E49D56-8F67-4573-8401-1B885705F846}.Debug|x86.ActiveCfg = Debug|Any CPU
		{40E49D56-8F67-4573-8401-1B885705F846}.Debug|x86.Build.0 = Debug|Any CPU
		{40E49D56-8F67-4573-8401-1B885705F846}.Release|Any CPU.ActiveCfg = Release|Any CPU
		{40E49D56-8F67-4573-8401-1B885705F846}.Release|Any CPU.Build.0 = Release|Any CPU
		{40E49D56-8F67-4573-8401-1B885705F846}.Release|x64.ActiveCfg = Release|Any CPU
		{40E49D56-8F67-4573-8401-1B885705F846}.Release|x64.Build.0 = Release|Any CPU
		{40E49D56-8F67-4573-8401-1B885705F846}.Release|x86.ActiveCfg = Release|Any CPU
		{40E49D56-8F67-4573-8401-1B885705F846}.Release|x86.Build.0 = Release|Any CPU
		{90BD5D3A-7B09-4E2E-9FDF-2A2A2D065A65}.Debug|Any CPU.ActiveCfg = Debug|Any CPU
		{90BD5D3A-7B09-4E2E-9FDF-2A2A2D065A65}.Debug|Any CPU.Build.0 = Debug|Any CPU
		{90BD5D3A-7B09-4E2E-9FDF-2A2A2D065A65}.Debug|x64.ActiveCfg = Debug|Any CPU
		{90BD5D3A-7B09-4E2E-9FDF-2A2A2D065A65}.Debug|x64.Build.0 = Debug|Any CPU
		{90BD5D3A-7B09-4E2E-9FDF-2A2A2D065A65}.Debug|x86.ActiveCfg = Debug|Any CPU
		{90BD5D3A-7B09-4E2E-9FDF-2A2A2D065A65}.Debug|x86.Build.0 = Debug|Any CPU
		{90BD5D3A-7B09-4E2E-9FDF-2A2A2D065A65}.Release|Any CPU.ActiveCfg = Release|Any CPU
		{90BD5D3A-7B09-4E2E-9FDF-2A2A2D065A65}.Release|Any CPU.Build.0 = Release|Any CPU
		{90BD5D3A-7B09-4E2E-9FDF-2A2A2D065A65}.Release|x64.ActiveCfg = Release|Any CPU
		{90BD5D3A-7B09-4E2E-9FDF-2A2A2D065A65}.Release|x64.Build.0 = Release|Any CPU
		{90BD5D3A-7B09-4E2E-9FDF-2A2A2D065A65}.Release|x86.ActiveCfg = Release|Any CPU
		{90BD5D3A-7B09-4E2E-9FDF-2A2A2D065A65}.Release|x86.Build.0 = Release|Any CPU
		{44128142-7DC0-47DF-93EE-F1BD7A5EC843}.Debug|Any CPU.ActiveCfg = Debug|Any CPU
		{44128142-7DC0-47DF-93EE-F1BD7A5EC843}.Debug|Any CPU.Build.0 = Debug|Any CPU
		{44128142-7DC0-47DF-93EE-F1BD7A5EC843}.Debug|x64.ActiveCfg = Debug|Any CPU
		{44128142-7DC0-47DF-93EE-F1BD7A5EC843}.Debug|x64.Build.0 = Debug|Any CPU
		{44128142-7DC0-47DF-93EE-F1BD7A5EC843}.Debug|x86.ActiveCfg = Debug|Any CPU
		{44128142-7DC0-47DF-93EE-F1BD7A5EC843}.Debug|x86.Build.0 = Debug|Any CPU
		{44128142-7DC0-47DF-93EE-F1BD7A5EC843}.Release|Any CPU.ActiveCfg = Release|Any CPU
		{44128142-7DC0-47DF-93EE-F1BD7A5EC843}.Release|Any CPU.Build.0 = Release|Any CPU
		{44128142-7DC0-47DF-93EE-F1BD7A5EC843}.Release|x64.ActiveCfg = Release|Any CPU
		{44128142-7DC0-47DF-93EE-F1BD7A5EC843}.Release|x64.Build.0 = Release|Any CPU
		{44128142-7DC0-47DF-93EE-F1BD7A5EC843}.Release|x86.ActiveCfg = Release|Any CPU
		{44128142-7DC0-47DF-93EE-F1BD7A5EC843}.Release|x86.Build.0 = Release|Any CPU
		{B0ACC2A4-CB8F-46DB-8884-08D789DB50D0}.Debug|Any CPU.ActiveCfg = Debug|Any CPU
		{B0ACC2A4-CB8F-46DB-8884-08D789DB50D0}.Debug|Any CPU.Build.0 = Debug|Any CPU
		{B0ACC2A4-CB8F-46DB-8884-08D789DB50D0}.Debug|x64.ActiveCfg = Debug|Any CPU
		{B0ACC2A4-CB8F-46DB-8884-08D789DB50D0}.Debug|x64.Build.0 = Debug|Any CPU
		{B0ACC2A4-CB8F-46DB-8884-08D789DB50D0}.Debug|x86.ActiveCfg = Debug|Any CPU
		{B0ACC2A4-CB8F-46DB-8884-08D789DB50D0}.Debug|x86.Build.0 = Debug|Any CPU
		{B0ACC2A4-CB8F-46DB-8884-08D789DB50D0}.Release|Any CPU.ActiveCfg = Release|Any CPU
		{B0ACC2A4-CB8F-46DB-8884-08D789DB50D0}.Release|Any CPU.Build.0 = Release|Any CPU
		{B0ACC2A4-CB8F-46DB-8884-08D789DB50D0}.Release|x64.ActiveCfg = Release|Any CPU
		{B0ACC2A4-CB8F-46DB-8884-08D789DB50D0}.Release|x64.Build.0 = Release|Any CPU
		{B0ACC2A4-CB8F-46DB-8884-08D789DB50D0}.Release|x86.ActiveCfg = Release|Any CPU
		{B0ACC2A4-CB8F-46DB-8884-08D789DB50D0}.Release|x86.Build.0 = Release|Any CPU
		{8EB67438-F5DC-49F8-8B05-81BC9FDD0CC2}.Debug|Any CPU.ActiveCfg = Debug|Any CPU
		{8EB67438-F5DC-49F8-8B05-81BC9FDD0CC2}.Debug|Any CPU.Build.0 = Debug|Any CPU
		{8EB67438-F5DC-49F8-8B05-81BC9FDD0CC2}.Debug|x64.ActiveCfg = Debug|Any CPU
		{8EB67438-F5DC-49F8-8B05-81BC9FDD0CC2}.Debug|x64.Build.0 = Debug|Any CPU
		{8EB67438-F5DC-49F8-8B05-81BC9FDD0CC2}.Debug|x86.ActiveCfg = Debug|Any CPU
		{8EB67438-F5DC-49F8-8B05-81BC9FDD0CC2}.Debug|x86.Build.0 = Debug|Any CPU
		{8EB67438-F5DC-49F8-8B05-81BC9FDD0CC2}.Release|Any CPU.ActiveCfg = Release|Any CPU
		{8EB67438-F5DC-49F8-8B05-81BC9FDD0CC2}.Release|Any CPU.Build.0 = Release|Any CPU
		{8EB67438-F5DC-49F8-8B05-81BC9FDD0CC2}.Release|x64.ActiveCfg = Release|Any CPU
		{8EB67438-F5DC-49F8-8B05-81BC9FDD0CC2}.Release|x64.Build.0 = Release|Any CPU
		{8EB67438-F5DC-49F8-8B05-81BC9FDD0CC2}.Release|x86.ActiveCfg = Release|Any CPU
		{8EB67438-F5DC-49F8-8B05-81BC9FDD0CC2}.Release|x86.Build.0 = Release|Any CPU
		{D154DFF4-AD2B-430A-B278-193F4E1F8A7E}.Debug|Any CPU.ActiveCfg = Debug|Any CPU
		{D154DFF4-AD2B-430A-B278-193F4E1F8A7E}.Debug|Any CPU.Build.0 = Debug|Any CPU
		{D154DFF4-AD2B-430A-B278-193F4E1F8A7E}.Debug|x64.ActiveCfg = Debug|Any CPU
		{D154DFF4-AD2B-430A-B278-193F4E1F8A7E}.Debug|x64.Build.0 = Debug|Any CPU
		{D154DFF4-AD2B-430A-B278-193F4E1F8A7E}.Debug|x86.ActiveCfg = Debug|Any CPU
		{D154DFF4-AD2B-430A-B278-193F4E1F8A7E}.Debug|x86.Build.0 = Debug|Any CPU
		{D154DFF4-AD2B-430A-B278-193F4E1F8A7E}.Release|Any CPU.ActiveCfg = Release|Any CPU
		{D154DFF4-AD2B-430A-B278-193F4E1F8A7E}.Release|Any CPU.Build.0 = Release|Any CPU
		{D154DFF4-AD2B-430A-B278-193F4E1F8A7E}.Release|x64.ActiveCfg = Release|Any CPU
		{D154DFF4-AD2B-430A-B278-193F4E1F8A7E}.Release|x64.Build.0 = Release|Any CPU
		{D154DFF4-AD2B-430A-B278-193F4E1F8A7E}.Release|x86.ActiveCfg = Release|Any CPU
		{D154DFF4-AD2B-430A-B278-193F4E1F8A7E}.Release|x86.Build.0 = Release|Any CPU
		{B1798EC5-F6E9-4A5E-855D-00249B2E3340}.Debug|Any CPU.ActiveCfg = Debug|Any CPU
		{B1798EC5-F6E9-4A5E-855D-00249B2E3340}.Debug|Any CPU.Build.0 = Debug|Any CPU
		{B1798EC5-F6E9-4A5E-855D-00249B2E3340}.Debug|x64.ActiveCfg = Debug|Any CPU
		{B1798EC5-F6E9-4A5E-855D-00249B2E3340}.Debug|x64.Build.0 = Debug|Any CPU
		{B1798EC5-F6E9-4A5E-855D-00249B2E3340}.Debug|x86.ActiveCfg = Debug|Any CPU
		{B1798EC5-F6E9-4A5E-855D-00249B2E3340}.Debug|x86.Build.0 = Debug|Any CPU
		{B1798EC5-F6E9-4A5E-855D-00249B2E3340}.Release|Any CPU.ActiveCfg = Release|Any CPU
		{B1798EC5-F6E9-4A5E-855D-00249B2E3340}.Release|Any CPU.Build.0 = Release|Any CPU
		{B1798EC5-F6E9-4A5E-855D-00249B2E3340}.Release|x64.ActiveCfg = Release|Any CPU
		{B1798EC5-F6E9-4A5E-855D-00249B2E3340}.Release|x64.Build.0 = Release|Any CPU
		{B1798EC5-F6E9-4A5E-855D-00249B2E3340}.Release|x86.ActiveCfg = Release|Any CPU
		{B1798EC5-F6E9-4A5E-855D-00249B2E3340}.Release|x86.Build.0 = Release|Any CPU
		{5358DC0F-206C-4E2B-8AE8-AA4F354740DE}.Debug|Any CPU.ActiveCfg = Debug|Any CPU
		{5358DC0F-206C-4E2B-8AE8-AA4F354740DE}.Debug|Any CPU.Build.0 = Debug|Any CPU
		{5358DC0F-206C-4E2B-8AE8-AA4F354740DE}.Debug|x64.ActiveCfg = Debug|Any CPU
		{5358DC0F-206C-4E2B-8AE8-AA4F354740DE}.Debug|x64.Build.0 = Debug|Any CPU
		{5358DC0F-206C-4E2B-8AE8-AA4F354740DE}.Debug|x86.ActiveCfg = Debug|Any CPU
		{5358DC0F-206C-4E2B-8AE8-AA4F354740DE}.Debug|x86.Build.0 = Debug|Any CPU
		{5358DC0F-206C-4E2B-8AE8-AA4F354740DE}.Release|Any CPU.ActiveCfg = Release|Any CPU
		{5358DC0F-206C-4E2B-8AE8-AA4F354740DE}.Release|Any CPU.Build.0 = Release|Any CPU
		{5358DC0F-206C-4E2B-8AE8-AA4F354740DE}.Release|x64.ActiveCfg = Release|Any CPU
		{5358DC0F-206C-4E2B-8AE8-AA4F354740DE}.Release|x64.Build.0 = Release|Any CPU
		{5358DC0F-206C-4E2B-8AE8-AA4F354740DE}.Release|x86.ActiveCfg = Release|Any CPU
		{5358DC0F-206C-4E2B-8AE8-AA4F354740DE}.Release|x86.Build.0 = Release|Any CPU
		{782E7897-6C85-4CD3-ADC7-F29986AA03E8}.Debug|Any CPU.ActiveCfg = Debug|Any CPU
		{782E7897-6C85-4CD3-ADC7-F29986AA03E8}.Debug|Any CPU.Build.0 = Debug|Any CPU
		{782E7897-6C85-4CD3-ADC7-F29986AA03E8}.Debug|x64.ActiveCfg = Debug|Any CPU
		{782E7897-6C85-4CD3-ADC7-F29986AA03E8}.Debug|x64.Build.0 = Debug|Any CPU
		{782E7897-6C85-4CD3-ADC7-F29986AA03E8}.Debug|x86.ActiveCfg = Debug|Any CPU
		{782E7897-6C85-4CD3-ADC7-F29986AA03E8}.Debug|x86.Build.0 = Debug|Any CPU
		{782E7897-6C85-4CD3-ADC7-F29986AA03E8}.Release|Any CPU.ActiveCfg = Release|Any CPU
		{782E7897-6C85-4CD3-ADC7-F29986AA03E8}.Release|Any CPU.Build.0 = Release|Any CPU
		{782E7897-6C85-4CD3-ADC7-F29986AA03E8}.Release|x64.ActiveCfg = Release|Any CPU
		{782E7897-6C85-4CD3-ADC7-F29986AA03E8}.Release|x64.Build.0 = Release|Any CPU
		{782E7897-6C85-4CD3-ADC7-F29986AA03E8}.Release|x86.ActiveCfg = Release|Any CPU
		{782E7897-6C85-4CD3-ADC7-F29986AA03E8}.Release|x86.Build.0 = Release|Any CPU
		{A9869E10-588F-4535-84C0-32AF3FF41053}.Debug|Any CPU.ActiveCfg = Debug|Any CPU
		{A9869E10-588F-4535-84C0-32AF3FF41053}.Debug|Any CPU.Build.0 = Debug|Any CPU
		{A9869E10-588F-4535-84C0-32AF3FF41053}.Debug|x64.ActiveCfg = Debug|Any CPU
		{A9869E10-588F-4535-84C0-32AF3FF41053}.Debug|x64.Build.0 = Debug|Any CPU
		{A9869E10-588F-4535-84C0-32AF3FF41053}.Debug|x86.ActiveCfg = Debug|Any CPU
		{A9869E10-588F-4535-84C0-32AF3FF41053}.Debug|x86.Build.0 = Debug|Any CPU
		{A9869E10-588F-4535-84C0-32AF3FF41053}.Release|Any CPU.ActiveCfg = Release|Any CPU
		{A9869E10-588F-4535-84C0-32AF3FF41053}.Release|Any CPU.Build.0 = Release|Any CPU
		{A9869E10-588F-4535-84C0-32AF3FF41053}.Release|x64.ActiveCfg = Release|Any CPU
		{A9869E10-588F-4535-84C0-32AF3FF41053}.Release|x64.Build.0 = Release|Any CPU
		{A9869E10-588F-4535-84C0-32AF3FF41053}.Release|x86.ActiveCfg = Release|Any CPU
		{A9869E10-588F-4535-84C0-32AF3FF41053}.Release|x86.Build.0 = Release|Any CPU
		{4194BC60-926E-402D-A13B-4F739D5A4379}.Debug|Any CPU.ActiveCfg = Debug|Any CPU
		{4194BC60-926E-402D-A13B-4F739D5A4379}.Debug|Any CPU.Build.0 = Debug|Any CPU
		{4194BC60-926E-402D-A13B-4F739D5A4379}.Debug|x64.ActiveCfg = Debug|Any CPU
		{4194BC60-926E-402D-A13B-4F739D5A4379}.Debug|x64.Build.0 = Debug|Any CPU
		{4194BC60-926E-402D-A13B-4F739D5A4379}.Debug|x86.ActiveCfg = Debug|Any CPU
		{4194BC60-926E-402D-A13B-4F739D5A4379}.Debug|x86.Build.0 = Debug|Any CPU
		{4194BC60-926E-402D-A13B-4F739D5A4379}.Release|Any CPU.ActiveCfg = Release|Any CPU
		{4194BC60-926E-402D-A13B-4F739D5A4379}.Release|Any CPU.Build.0 = Release|Any CPU
		{4194BC60-926E-402D-A13B-4F739D5A4379}.Release|x64.ActiveCfg = Release|Any CPU
		{4194BC60-926E-402D-A13B-4F739D5A4379}.Release|x64.Build.0 = Release|Any CPU
		{4194BC60-926E-402D-A13B-4F739D5A4379}.Release|x86.ActiveCfg = Release|Any CPU
		{4194BC60-926E-402D-A13B-4F739D5A4379}.Release|x86.Build.0 = Release|Any CPU
		{9D27AB45-2CD5-472B-AC3B-89843760B3E4}.Debug|Any CPU.ActiveCfg = Debug|Any CPU
		{9D27AB45-2CD5-472B-AC3B-89843760B3E4}.Debug|Any CPU.Build.0 = Debug|Any CPU
		{9D27AB45-2CD5-472B-AC3B-89843760B3E4}.Debug|x64.ActiveCfg = Debug|Any CPU
		{9D27AB45-2CD5-472B-AC3B-89843760B3E4}.Debug|x64.Build.0 = Debug|Any CPU
		{9D27AB45-2CD5-472B-AC3B-89843760B3E4}.Debug|x86.ActiveCfg = Debug|Any CPU
		{9D27AB45-2CD5-472B-AC3B-89843760B3E4}.Debug|x86.Build.0 = Debug|Any CPU
		{9D27AB45-2CD5-472B-AC3B-89843760B3E4}.Release|Any CPU.ActiveCfg = Release|Any CPU
		{9D27AB45-2CD5-472B-AC3B-89843760B3E4}.Release|Any CPU.Build.0 = Release|Any CPU
		{9D27AB45-2CD5-472B-AC3B-89843760B3E4}.Release|x64.ActiveCfg = Release|Any CPU
		{9D27AB45-2CD5-472B-AC3B-89843760B3E4}.Release|x64.Build.0 = Release|Any CPU
		{9D27AB45-2CD5-472B-AC3B-89843760B3E4}.Release|x86.ActiveCfg = Release|Any CPU
		{9D27AB45-2CD5-472B-AC3B-89843760B3E4}.Release|x86.Build.0 = Release|Any CPU
		{3AE5BC20-37A8-4B0E-BD69-BFC32461DFB0}.Debug|Any CPU.ActiveCfg = Debug|Any CPU
		{3AE5BC20-37A8-4B0E-BD69-BFC32461DFB0}.Debug|Any CPU.Build.0 = Debug|Any CPU
		{3AE5BC20-37A8-4B0E-BD69-BFC32461DFB0}.Debug|x64.ActiveCfg = Debug|Any CPU
		{3AE5BC20-37A8-4B0E-BD69-BFC32461DFB0}.Debug|x64.Build.0 = Debug|Any CPU
		{3AE5BC20-37A8-4B0E-BD69-BFC32461DFB0}.Debug|x86.ActiveCfg = Debug|Any CPU
		{3AE5BC20-37A8-4B0E-BD69-BFC32461DFB0}.Debug|x86.Build.0 = Debug|Any CPU
		{3AE5BC20-37A8-4B0E-BD69-BFC32461DFB0}.Release|Any CPU.ActiveCfg = Release|Any CPU
		{3AE5BC20-37A8-4B0E-BD69-BFC32461DFB0}.Release|Any CPU.Build.0 = Release|Any CPU
		{3AE5BC20-37A8-4B0E-BD69-BFC32461DFB0}.Release|x64.ActiveCfg = Release|Any CPU
		{3AE5BC20-37A8-4B0E-BD69-BFC32461DFB0}.Release|x64.Build.0 = Release|Any CPU
		{3AE5BC20-37A8-4B0E-BD69-BFC32461DFB0}.Release|x86.ActiveCfg = Release|Any CPU
		{3AE5BC20-37A8-4B0E-BD69-BFC32461DFB0}.Release|x86.Build.0 = Release|Any CPU
		{75214A7A-3F65-432E-913A-A3CC59631572}.Debug|Any CPU.ActiveCfg = Debug|Any CPU
		{75214A7A-3F65-432E-913A-A3CC59631572}.Debug|Any CPU.Build.0 = Debug|Any CPU
		{75214A7A-3F65-432E-913A-A3CC59631572}.Debug|x64.ActiveCfg = Debug|Any CPU
		{75214A7A-3F65-432E-913A-A3CC59631572}.Debug|x64.Build.0 = Debug|Any CPU
		{75214A7A-3F65-432E-913A-A3CC59631572}.Debug|x86.ActiveCfg = Debug|Any CPU
		{75214A7A-3F65-432E-913A-A3CC59631572}.Debug|x86.Build.0 = Debug|Any CPU
		{75214A7A-3F65-432E-913A-A3CC59631572}.Release|Any CPU.ActiveCfg = Release|Any CPU
		{75214A7A-3F65-432E-913A-A3CC59631572}.Release|Any CPU.Build.0 = Release|Any CPU
		{75214A7A-3F65-432E-913A-A3CC59631572}.Release|x64.ActiveCfg = Release|Any CPU
		{75214A7A-3F65-432E-913A-A3CC59631572}.Release|x64.Build.0 = Release|Any CPU
		{75214A7A-3F65-432E-913A-A3CC59631572}.Release|x86.ActiveCfg = Release|Any CPU
		{75214A7A-3F65-432E-913A-A3CC59631572}.Release|x86.Build.0 = Release|Any CPU
		{D9426D4F-1522-46C1-B1C4-9DCA13482F7B}.Debug|Any CPU.ActiveCfg = Debug|Any CPU
		{D9426D4F-1522-46C1-B1C4-9DCA13482F7B}.Debug|Any CPU.Build.0 = Debug|Any CPU
		{D9426D4F-1522-46C1-B1C4-9DCA13482F7B}.Debug|x64.ActiveCfg = Debug|Any CPU
		{D9426D4F-1522-46C1-B1C4-9DCA13482F7B}.Debug|x64.Build.0 = Debug|Any CPU
		{D9426D4F-1522-46C1-B1C4-9DCA13482F7B}.Debug|x86.ActiveCfg = Debug|Any CPU
		{D9426D4F-1522-46C1-B1C4-9DCA13482F7B}.Debug|x86.Build.0 = Debug|Any CPU
		{D9426D4F-1522-46C1-B1C4-9DCA13482F7B}.Release|Any CPU.ActiveCfg = Release|Any CPU
		{D9426D4F-1522-46C1-B1C4-9DCA13482F7B}.Release|Any CPU.Build.0 = Release|Any CPU
		{D9426D4F-1522-46C1-B1C4-9DCA13482F7B}.Release|x64.ActiveCfg = Release|Any CPU
		{D9426D4F-1522-46C1-B1C4-9DCA13482F7B}.Release|x64.Build.0 = Release|Any CPU
		{D9426D4F-1522-46C1-B1C4-9DCA13482F7B}.Release|x86.ActiveCfg = Release|Any CPU
		{D9426D4F-1522-46C1-B1C4-9DCA13482F7B}.Release|x86.Build.0 = Release|Any CPU
		{52CC46ED-1B46-4167-9BFB-CB688243D031}.Debug|Any CPU.ActiveCfg = Debug|Any CPU
		{52CC46ED-1B46-4167-9BFB-CB688243D031}.Debug|Any CPU.Build.0 = Debug|Any CPU
		{52CC46ED-1B46-4167-9BFB-CB688243D031}.Debug|x64.ActiveCfg = Debug|Any CPU
		{52CC46ED-1B46-4167-9BFB-CB688243D031}.Debug|x64.Build.0 = Debug|Any CPU
		{52CC46ED-1B46-4167-9BFB-CB688243D031}.Debug|x86.ActiveCfg = Debug|Any CPU
		{52CC46ED-1B46-4167-9BFB-CB688243D031}.Debug|x86.Build.0 = Debug|Any CPU
		{52CC46ED-1B46-4167-9BFB-CB688243D031}.Release|Any CPU.ActiveCfg = Release|Any CPU
		{52CC46ED-1B46-4167-9BFB-CB688243D031}.Release|Any CPU.Build.0 = Release|Any CPU
		{52CC46ED-1B46-4167-9BFB-CB688243D031}.Release|x64.ActiveCfg = Release|Any CPU
		{52CC46ED-1B46-4167-9BFB-CB688243D031}.Release|x64.Build.0 = Release|Any CPU
		{52CC46ED-1B46-4167-9BFB-CB688243D031}.Release|x86.ActiveCfg = Release|Any CPU
		{52CC46ED-1B46-4167-9BFB-CB688243D031}.Release|x86.Build.0 = Release|Any CPU
		{28142C80-815F-4D35-A1D8-378FC2E506E9}.Debug|Any CPU.ActiveCfg = Debug|Any CPU
		{28142C80-815F-4D35-A1D8-378FC2E506E9}.Debug|Any CPU.Build.0 = Debug|Any CPU
		{28142C80-815F-4D35-A1D8-378FC2E506E9}.Debug|x64.ActiveCfg = Debug|Any CPU
		{28142C80-815F-4D35-A1D8-378FC2E506E9}.Debug|x64.Build.0 = Debug|Any CPU
		{28142C80-815F-4D35-A1D8-378FC2E506E9}.Debug|x86.ActiveCfg = Debug|Any CPU
		{28142C80-815F-4D35-A1D8-378FC2E506E9}.Debug|x86.Build.0 = Debug|Any CPU
		{28142C80-815F-4D35-A1D8-378FC2E506E9}.Release|Any CPU.ActiveCfg = Release|Any CPU
		{28142C80-815F-4D35-A1D8-378FC2E506E9}.Release|Any CPU.Build.0 = Release|Any CPU
		{28142C80-815F-4D35-A1D8-378FC2E506E9}.Release|x64.ActiveCfg = Release|Any CPU
		{28142C80-815F-4D35-A1D8-378FC2E506E9}.Release|x64.Build.0 = Release|Any CPU
		{28142C80-815F-4D35-A1D8-378FC2E506E9}.Release|x86.ActiveCfg = Release|Any CPU
		{28142C80-815F-4D35-A1D8-378FC2E506E9}.Release|x86.Build.0 = Release|Any CPU
		{014DC144-DE8A-4A04-87B3-F518EF1C8D75}.Debug|Any CPU.ActiveCfg = Debug|Any CPU
		{014DC144-DE8A-4A04-87B3-F518EF1C8D75}.Debug|Any CPU.Build.0 = Debug|Any CPU
		{014DC144-DE8A-4A04-87B3-F518EF1C8D75}.Debug|x64.ActiveCfg = Debug|Any CPU
		{014DC144-DE8A-4A04-87B3-F518EF1C8D75}.Debug|x64.Build.0 = Debug|Any CPU
		{014DC144-DE8A-4A04-87B3-F518EF1C8D75}.Debug|x86.ActiveCfg = Debug|Any CPU
		{014DC144-DE8A-4A04-87B3-F518EF1C8D75}.Debug|x86.Build.0 = Debug|Any CPU
		{014DC144-DE8A-4A04-87B3-F518EF1C8D75}.Release|Any CPU.ActiveCfg = Release|Any CPU
		{014DC144-DE8A-4A04-87B3-F518EF1C8D75}.Release|Any CPU.Build.0 = Release|Any CPU
		{014DC144-DE8A-4A04-87B3-F518EF1C8D75}.Release|x64.ActiveCfg = Release|Any CPU
		{014DC144-DE8A-4A04-87B3-F518EF1C8D75}.Release|x64.Build.0 = Release|Any CPU
		{014DC144-DE8A-4A04-87B3-F518EF1C8D75}.Release|x86.ActiveCfg = Release|Any CPU
		{014DC144-DE8A-4A04-87B3-F518EF1C8D75}.Release|x86.Build.0 = Release|Any CPU
		{A8896EE3-FDC8-4AA8-8A7A-D3E83FE5C65A}.Debug|Any CPU.ActiveCfg = Debug|Any CPU
		{A8896EE3-FDC8-4AA8-8A7A-D3E83FE5C65A}.Debug|Any CPU.Build.0 = Debug|Any CPU
		{A8896EE3-FDC8-4AA8-8A7A-D3E83FE5C65A}.Debug|x64.ActiveCfg = Debug|Any CPU
		{A8896EE3-FDC8-4AA8-8A7A-D3E83FE5C65A}.Debug|x64.Build.0 = Debug|Any CPU
		{A8896EE3-FDC8-4AA8-8A7A-D3E83FE5C65A}.Debug|x86.ActiveCfg = Debug|Any CPU
		{A8896EE3-FDC8-4AA8-8A7A-D3E83FE5C65A}.Debug|x86.Build.0 = Debug|Any CPU
		{A8896EE3-FDC8-4AA8-8A7A-D3E83FE5C65A}.Release|Any CPU.ActiveCfg = Release|Any CPU
		{A8896EE3-FDC8-4AA8-8A7A-D3E83FE5C65A}.Release|Any CPU.Build.0 = Release|Any CPU
		{A8896EE3-FDC8-4AA8-8A7A-D3E83FE5C65A}.Release|x64.ActiveCfg = Release|Any CPU
		{A8896EE3-FDC8-4AA8-8A7A-D3E83FE5C65A}.Release|x64.Build.0 = Release|Any CPU
		{A8896EE3-FDC8-4AA8-8A7A-D3E83FE5C65A}.Release|x86.ActiveCfg = Release|Any CPU
		{A8896EE3-FDC8-4AA8-8A7A-D3E83FE5C65A}.Release|x86.Build.0 = Release|Any CPU
		{70DD76E0-02B4-440D-92D6-0E41B401799C}.Debug|Any CPU.ActiveCfg = Debug|x64
		{70DD76E0-02B4-440D-92D6-0E41B401799C}.Debug|Any CPU.Build.0 = Debug|x64
		{70DD76E0-02B4-440D-92D6-0E41B401799C}.Debug|x64.ActiveCfg = Debug|x64
		{70DD76E0-02B4-440D-92D6-0E41B401799C}.Debug|x64.Build.0 = Debug|x64
		{70DD76E0-02B4-440D-92D6-0E41B401799C}.Debug|x86.ActiveCfg = Debug|Win32
		{70DD76E0-02B4-440D-92D6-0E41B401799C}.Debug|x86.Build.0 = Debug|Win32
		{70DD76E0-02B4-440D-92D6-0E41B401799C}.Release|Any CPU.ActiveCfg = Release|x64
		{70DD76E0-02B4-440D-92D6-0E41B401799C}.Release|Any CPU.Build.0 = Release|x64
		{70DD76E0-02B4-440D-92D6-0E41B401799C}.Release|x64.ActiveCfg = Release|x64
		{70DD76E0-02B4-440D-92D6-0E41B401799C}.Release|x64.Build.0 = Release|x64
		{70DD76E0-02B4-440D-92D6-0E41B401799C}.Release|x86.ActiveCfg = Release|Win32
		{70DD76E0-02B4-440D-92D6-0E41B401799C}.Release|x86.Build.0 = Release|Win32
		{96A02EC3-D9AD-49B7-A179-80483C10DF66}.Debug|Any CPU.ActiveCfg = Debug|Any CPU
		{96A02EC3-D9AD-49B7-A179-80483C10DF66}.Debug|Any CPU.Build.0 = Debug|Any CPU
		{96A02EC3-D9AD-49B7-A179-80483C10DF66}.Debug|x64.ActiveCfg = Debug|Any CPU
		{96A02EC3-D9AD-49B7-A179-80483C10DF66}.Debug|x64.Build.0 = Debug|Any CPU
		{96A02EC3-D9AD-49B7-A179-80483C10DF66}.Debug|x86.ActiveCfg = Debug|Any CPU
		{96A02EC3-D9AD-49B7-A179-80483C10DF66}.Debug|x86.Build.0 = Debug|Any CPU
		{96A02EC3-D9AD-49B7-A179-80483C10DF66}.Release|Any CPU.ActiveCfg = Release|Any CPU
		{96A02EC3-D9AD-49B7-A179-80483C10DF66}.Release|Any CPU.Build.0 = Release|Any CPU
		{96A02EC3-D9AD-49B7-A179-80483C10DF66}.Release|x64.ActiveCfg = Release|Any CPU
		{96A02EC3-D9AD-49B7-A179-80483C10DF66}.Release|x64.Build.0 = Release|Any CPU
		{96A02EC3-D9AD-49B7-A179-80483C10DF66}.Release|x86.ActiveCfg = Release|Any CPU
		{96A02EC3-D9AD-49B7-A179-80483C10DF66}.Release|x86.Build.0 = Release|Any CPU
	EndGlobalSection
	GlobalSection(SolutionProperties) = preSolution
		HideSolutionNode = FALSE
	EndGlobalSection
	GlobalSection(NestedProjects) = preSolution
		{90BD5D3A-7B09-4E2E-9FDF-2A2A2D065A65} = {E7F4E028-0E92-437E-972D-0615F3CC9DAF}
		{44128142-7DC0-47DF-93EE-F1BD7A5EC843} = {E7F4E028-0E92-437E-972D-0615F3CC9DAF}
		{B0ACC2A4-CB8F-46DB-8884-08D789DB50D0} = {E7F4E028-0E92-437E-972D-0615F3CC9DAF}
		{8EB67438-F5DC-49F8-8B05-81BC9FDD0CC2} = {E7F4E028-0E92-437E-972D-0615F3CC9DAF}
		{D154DFF4-AD2B-430A-B278-193F4E1F8A7E} = {E7F4E028-0E92-437E-972D-0615F3CC9DAF}
		{B1798EC5-F6E9-4A5E-855D-00249B2E3340} = {E7F4E028-0E92-437E-972D-0615F3CC9DAF}
		{5358DC0F-206C-4E2B-8AE8-AA4F354740DE} = {E7F4E028-0E92-437E-972D-0615F3CC9DAF}
		{782E7897-6C85-4CD3-ADC7-F29986AA03E8} = {E7F4E028-0E92-437E-972D-0615F3CC9DAF}
		{A9869E10-588F-4535-84C0-32AF3FF41053} = {E7F4E028-0E92-437E-972D-0615F3CC9DAF}
		{4194BC60-926E-402D-A13B-4F739D5A4379} = {E7F4E028-0E92-437E-972D-0615F3CC9DAF}
		{9D27AB45-2CD5-472B-AC3B-89843760B3E4} = {E7F4E028-0E92-437E-972D-0615F3CC9DAF}
		{75214A7A-3F65-432E-913A-A3CC59631572} = {6012C335-E7E3-4283-AE2C-9DD3DD27E171}
		{52CC46ED-1B46-4167-9BFB-CB688243D031} = {6012C335-E7E3-4283-AE2C-9DD3DD27E171}
		{28142C80-815F-4D35-A1D8-378FC2E506E9} = {E7F4E028-0E92-437E-972D-0615F3CC9DAF}
		{014DC144-DE8A-4A04-87B3-F518EF1C8D75} = {E7F4E028-0E92-437E-972D-0615F3CC9DAF}
		{A8896EE3-FDC8-4AA8-8A7A-D3E83FE5C65A} = {E7F4E028-0E92-437E-972D-0615F3CC9DAF}
	EndGlobalSection
	GlobalSection(ExtensibilityGlobals) = postSolution
		SolutionGuid = {30F9B61D-F0AA-4F0C-B90B-975A2853459E}
	EndGlobalSection
EndGlobal
