Microsoft Visual Studio Solution File, Format Version 12.00
# Visual Studio Version 17
VisualStudioVersion = 17.5.2.0
MinimumVisualStudioVersion = 10.0.40219.1
Project("{FAE04EC0-301F-11D3-BF4B-00C04F79EFBC}") = "AKNet.Platform", "AKNet.Platform.csproj", "{B6DCBD85-B131-7B7D-F380-BDCBF74AF03E}"
EndProject
Global
	GlobalSection(SolutionConfigurationPlatforms) = preSolution
		Debug|Any CPU = Debug|Any CPU
		Release|Any CPU = Release|Any CPU
	EndGlobalSection
	GlobalSection(ProjectConfigurationPlatforms) = postSolution
		{B6DCBD85-B131-7B7D-F380-BDCBF74AF03E}.Debug|Any CPU.ActiveCfg = Debug|Any CPU
		{B6DCBD85-B131-7B7D-F380-BDCBF74AF03E}.Debug|Any CPU.Build.0 = Debug|Any CPU
		{B6DCBD85-B131-7B7D-F380-BDCBF74AF03E}.Release|Any CPU.ActiveCfg = Release|Any CPU
		{B6DCBD85-B131-7B7D-F380-BDCBF74AF03E}.Release|Any CPU.Build.0 = Release|Any CPU
	EndGlobalSection
	GlobalSection(SolutionProperties) = preSolution
		HideSolutionNode = FALSE
	EndGlobalSection
	GlobalSection(ExtensibilityGlobals) = postSolution
		SolutionGuid = {6217220F-799B-4BEB-8A3B-3568BF060D77}
	EndGlobalSection
EndGlobal
