
Microsoft Visual Studio Solution File, Format Version 12.00
# Visual Studio Version 17
VisualStudioVersion = 17.14.36804.6
MinimumVisualStudioVersion = 10.0.40219.1
Project("{9A19103F-16F7-4668-BE54-9A1E7A4F7556}") = "AKNet", "AKNet\AKNet.csproj", "{40E49D56-8F67-4573-8401-1B885705F846}"
EndProject
Project("{9A19103F-16F7-4668-BE54-9A1E7A4F7556}") = "AKNet.Extentions.Protobuf", "AKNet.Extentions.Protobuf\AKNet.Extentions.Protobuf.csproj", "{3AE5BC20-37A8-4B0E-BD69-BFC32461DFB0}"
EndProject
Project("{8BC9CEB8-8B4A-11D0-8D11-00A0C91BC942}") = "QuicTlsCC", "QuicTlsCC\QuicTlsCC.vcxproj", "{70DD76E0-02B4-440D-92D6-0E41B401799C}"
EndProject
Project("{FAE04EC0-301F-11D3-BF4B-00C04F79EFBC}") = "AKNet.Platform", "AKNet.Platform\AKNet.Platform.csproj", "{96A02EC3-D9AD-49B7-A179-80483C10DF66}"
EndProject
Project("{FAE04EC0-301F-11D3-BF4B-00C04F79EFBC}") = "AKNet.MSQuic", "AKNet.MSQuic\AKNet.MSQuic.csproj", "{0352BC39-DD9A-41C3-92B4-5173B11B222E}"
EndProject
Project("{2150E333-8FDC-42A3-9474-1A3956D46DE8}") = "Test", "Test", "{E7F4E028-0E92-437E-972D-0615F3CC9DAF}"
EndProject
Project("{9A19103F-16F7-4668-BE54-9A1E7A4F7556}") = "TestCommon", "Test\TestCommon\TestCommon.csproj", "{5358DC0F-206C-4E2B-8AE8-AA4F354740DE}"
EndProject
Project("{9A19103F-16F7-4668-BE54-9A1E7A4F7556}") = "TestNetClient", "Test\AKNetTest\TestNetClient\TestNetClient.csproj", "{4194BC60-926E-402D-A13B-4F739D5A4379}"
EndProject
Project("{9A19103F-16F7-4668-BE54-9A1E7A4F7556}") = "TestNetServer", "Test\AKNetTest\TestNetServer\TestNetServer.csproj", "{9D27AB45-2CD5-472B-AC3B-89843760B3E4}"
EndProject
Project("{FAE04EC0-301F-11D3-BF4B-00C04F79EFBC}") = "SSLStream_ServerExample", "Test\AKNetTest\SSLStream_ServerExample\SSLStream_ServerExample.csproj", "{014DC144-DE8A-4A04-87B3-F518EF1C8D75}"
EndProject
Project("{FAE04EC0-301F-11D3-BF4B-00C04F79EFBC}") = "SSLStream_ClientExample", "Test\AKNetTest\SSLStream_ClientExample\SSLStream_ClientExample.csproj", "{A8896EE3-FDC8-4AA8-8A7A-D3E83FE5C65A}"
EndProject
Project("{2150E333-8FDC-42A3-9474-1A3956D46DE8}") = "AKNetTest", "AKNetTest", "{02EA681E-C7D8-13C7-8484-4AC65E1B71E8}"
EndProject
Project("{2150E333-8FDC-42A3-9474-1A3956D46DE8}") = "AKNet.WebSocketTest", "AKNet.WebSocketTest", "{E96EC76E-58A7-45F1-B7B6-179916CBEDF0}"
EndProject
Project("{2150E333-8FDC-42A3-9474-1A3956D46DE8}") = "AKNet.QuicTest", "AKNet.QuicTest", "{C88A37B4-DC8D-4BD5-A497-56DA28ED9248}"
EndProject
Project("{FAE04EC0-301F-11D3-BF4B-00C04F79EFBC}") = "AKNet.Common", "AKNet.Common\AKNet.Common.csproj", "{74369C2B-4DB4-4A1B-A0F1-E345EE4AFE44}"
EndProject
Project("{FAE04EC0-301F-11D3-BF4B-00C04F79EFBC}") = "AkNetEditorTest", "Test\AkNetTest\AkNetEditorTest\AkNetEditorTest.csproj", "{0F441667-9731-254D-9F0D-7037F3FCA9D5}"
EndProject
Project("{FAE04EC0-301F-11D3-BF4B-00C04F79EFBC}") = "AKNet.LinuxTcp", "AKNet.LinuxTcp\AKNet.LinuxTcp.csproj", "{0E419BE7-BC9C-4E07-A4FE-A4274DBE5BA0}"
EndProject
Project("{2150E333-8FDC-42A3-9474-1A3956D46DE8}") = "AKNet.LinuxTcpTest", "AKNet.LinuxTcpTest", "{F18C7E8E-4348-4DC0-8546-CAB23FF746F2}"
EndProject
Project("{FAE04EC0-301F-11D3-BF4B-00C04F79EFBC}") = "TestNetClient", "Test\AkNet.LinuxTcpTest\TestNetClient\TestNetClient.csproj", "{14500E40-838C-0F04-8EE5-A6E4B841B5EC}"
EndProject
Project("{FAE04EC0-301F-11D3-BF4B-00C04F79EFBC}") = "TestNetServer", "Test\AkNet.LinuxTcpTest\TestNetServer\TestNetServer.csproj", "{9AA51E66-3B28-1F25-0A06-C485D4D9412E}"
EndProject
Project("{FAE04EC0-301F-11D3-BF4B-00C04F79EFBC}") = "AKNet.WebSocket", "AKNet.WebSocket\AKNet.WebSocket.csproj", "{08B88C04-57C4-40F2-AF09-C5269F879F79}"
EndProject
Project("{2150E333-8FDC-42A3-9474-1A3956D46DE8}") = "Tool", "Tool", "{4BE3959C-506E-4310-9B74-5A5F81EFA1DD}"
EndProject
Project("{FAE04EC0-301F-11D3-BF4B-00C04F79EFBC}") = "SimpleTest", "Test\SimpleTest\SimpleTest.csproj", "{DF7D9FA0-14CF-F1EF-B1DD-AB14A802304A}"
EndProject
Project("{FAE04EC0-301F-11D3-BF4B-00C04F79EFBC}") = "TestNetServer", "Test\AkNet.WebSocketTest\TestNetServer\TestNetServer.csproj", "{EAE3F6AF-4B48-6D3B-72D0-2340ACAFD40D}"
EndProject
Project("{FAE04EC0-301F-11D3-BF4B-00C04F79EFBC}") = "TestNetClient", "Test\AkNet.WebSocketTest\TestNetClient\TestNetClient.csproj", "{12C76941-CB0E-D7DC-CB33-7CA505217B1A}"
EndProject
Project("{FAE04EC0-301F-11D3-BF4B-00C04F79EFBC}") = "CopyDll", "Tool\CopyDll\CopyDll.csproj", "{66839A88-DA7B-57B8-6B85-33EF092108F1}"
EndProject
Project("{FAE04EC0-301F-11D3-BF4B-00C04F79EFBC}") = "CopyrightProtectionTool", "Tool\CopyrightProtectionTool\CopyrightProtectionTool.csproj", "{3AE7F471-C750-1EDA-336D-928FF5C3D632}"
EndProject
Project("{FAE04EC0-301F-11D3-BF4B-00C04F79EFBC}") = "githubExample", "Tool\githubExample\githubExample.csproj", "{1BE4F8A7-A549-8BD1-4402-1DBA9E9F7221}"
EndProject
Project("{FAE04EC0-301F-11D3-BF4B-00C04F79EFBC}") = "AKNet.MSTest", "AKNet.MSTest\AKNet.MSTest.csproj", "{939264C3-6B1A-2B04-788C-4CDB39194353}"
EndProject
Project("{FAE04EC0-301F-11D3-BF4B-00C04F79EFBC}") = "AKNet.Quic", "AKNet.Quic\AKNet.Quic.csproj", "{26051E08-68FD-4101-B4F2-A26A74529703}"
EndProject
Project("{FAE04EC0-301F-11D3-BF4B-00C04F79EFBC}") = "TestNetClient", "Test\AkNet.QuicTest\TestNetClient\TestNetClient.csproj", "{E9DDE451-E0CE-EEB3-7F36-474CB02099FA}"
EndProject
Project("{FAE04EC0-301F-11D3-BF4B-00C04F79EFBC}") = "TestNetServer", "Test\AkNet.QuicTest\TestNetServer\TestNetServer.csproj", "{8B938A06-52EE-E653-B8BF-8B06B1E472EE}"
EndProject
Global
	GlobalSection(SolutionConfigurationPlatforms) = preSolution
		Debug|Any CPU = Debug|Any CPU
		Debug|x64 = Debug|x64
		Debug|x86 = Debug|x86
		Release|Any CPU = Release|Any CPU
		Release|x64 = Release|x64
		Release|x86 = Release|x86
	EndGlobalSection
	GlobalSection(ProjectConfigurationPlatforms) = postSolution
		{40E49D56-8F67-4573-8401-1B885705F846}.Debug|Any CPU.ActiveCfg = Debug|Any CPU
		{40E49D56-8F67-4573-8401-1B885705F846}.Debug|Any CPU.Build.0 = Debug|Any CPU
		{40E49D56-8F67-4573-8401-1B885705F846}.Debug|x64.ActiveCfg = Debug|Any CPU
		{40E49D56-8F67-4573-8401-1B885705F846}.Debug|x64.Build.0 = Debug|Any CPU
		{40E49D56-8F67-4573-8401-1B885705F846}.Debug|x86.ActiveCfg = Debug|Any CPU
		{40E49D56-8F67-4573-8401-1B885705F846}.Debug|x86.Build.0 = Debug|Any CPU
		{40E49D56-8F67-4573-8401-1B885705F846}.Release|Any CPU.ActiveCfg = Release|Any CPU
		{40E49D56-8F67-4573-8401-1B885705F846}.Release|Any CPU.Build.0 = Release|Any CPU
		{40E49D56-8F67-4573-8401-1B885705F846}.Release|x64.ActiveCfg = Release|Any CPU
		{40E49D56-8F67-4573-8401-1B885705F846}.Release|x64.Build.0 = Release|Any CPU
		{40E49D56-8F67-4573-8401-1B885705F846}.Release|x86.ActiveCfg = Release|Any CPU
		{40E49D56-8F67-4573-8401-1B885705F846}.Release|x86.Build.0 = Release|Any CPU
		{3AE5BC20-37A8-4B0E-BD69-BFC32461DFB0}.Debug|Any CPU.ActiveCfg = Debug|Any CPU
		{3AE5BC20-37A8-4B0E-BD69-BFC32461DFB0}.Debug|Any CPU.Build.0 = Debug|Any CPU
		{3AE5BC20-37A8-4B0E-BD69-BFC32461DFB0}.Debug|x64.ActiveCfg = Debug|Any CPU
		{3AE5BC20-37A8-4B0E-BD69-BFC32461DFB0}.Debug|x64.Build.0 = Debug|Any CPU
		{3AE5BC20-37A8-4B0E-BD69-BFC32461DFB0}.Debug|x86.ActiveCfg = Debug|Any CPU
		{3AE5BC20-37A8-4B0E-BD69-BFC32461DFB0}.Debug|x86.Build.0 = Debug|Any CPU
		{3AE5BC20-37A8-4B0E-BD69-BFC32461DFB0}.Release|Any CPU.ActiveCfg = Release|Any CPU
		{3AE5BC20-37A8-4B0E-BD69-BFC32461DFB0}.Release|Any CPU.Build.0 = Release|Any CPU
		{3AE5BC20-37A8-4B0E-BD69-BFC32461DFB0}.Release|x64.ActiveCfg = Release|Any CPU
		{3AE5BC20-37A8-4B0E-BD69-BFC32461DFB0}.Release|x64.Build.0 = Release|Any CPU
		{3AE5BC20-37A8-4B0E-BD69-BFC32461DFB0}.Release|x86.ActiveCfg = Release|Any CPU
		{3AE5BC20-37A8-4B0E-BD69-BFC32461DFB0}.Release|x86.Build.0 = Release|Any CPU
		{70DD76E0-02B4-440D-92D6-0E41B401799C}.Debug|Any CPU.ActiveCfg = Debug|x64
		{70DD76E0-02B4-440D-92D6-0E41B401799C}.Debug|Any CPU.Build.0 = Debug|x64
		{70DD76E0-02B4-440D-92D6-0E41B401799C}.Debug|x64.ActiveCfg = Debug|x64
		{70DD76E0-02B4-440D-92D6-0E41B401799C}.Debug|x64.Build.0 = Debug|x64
		{70DD76E0-02B4-440D-92D6-0E41B401799C}.Debug|x86.ActiveCfg = Debug|Win32
		{70DD76E0-02B4-440D-92D6-0E41B401799C}.Debug|x86.Build.0 = Debug|Win32
		{70DD76E0-02B4-440D-92D6-0E41B401799C}.Release|Any CPU.ActiveCfg = Release|x64
		{70DD76E0-02B4-440D-92D6-0E41B401799C}.Release|Any CPU.Build.0 = Release|x64
		{70DD76E0-02B4-440D-92D6-0E41B401799C}.Release|x64.ActiveCfg = Release|x64
		{70DD76E0-02B4-440D-92D6-0E41B401799C}.Release|x64.Build.0 = Release|x64
		{70DD76E0-02B4-440D-92D6-0E41B401799C}.Release|x86.ActiveCfg = Release|Win32
		{70DD76E0-02B4-440D-92D6-0E41B401799C}.Release|x86.Build.0 = Release|Win32
		{96A02EC3-D9AD-49B7-A179-80483C10DF66}.Debug|Any CPU.ActiveCfg = Debug|Any CPU
		{96A02EC3-D9AD-49B7-A179-80483C10DF66}.Debug|Any CPU.Build.0 = Debug|Any CPU
		{96A02EC3-D9AD-49B7-A179-80483C10DF66}.Debug|x64.ActiveCfg = Debug|Any CPU
		{96A02EC3-D9AD-49B7-A179-80483C10DF66}.Debug|x64.Build.0 = Debug|Any CPU
		{96A02EC3-D9AD-49B7-A179-80483C10DF66}.Debug|x86.ActiveCfg = Debug|Any CPU
		{96A02EC3-D9AD-49B7-A179-80483C10DF66}.Debug|x86.Build.0 = Debug|Any CPU
		{96A02EC3-D9AD-49B7-A179-80483C10DF66}.Release|Any CPU.ActiveCfg = Release|Any CPU
		{96A02EC3-D9AD-49B7-A179-80483C10DF66}.Release|Any CPU.Build.0 = Release|Any CPU
		{96A02EC3-D9AD-49B7-A179-80483C10DF66}.Release|x64.ActiveCfg = Release|Any CPU
		{96A02EC3-D9AD-49B7-A179-80483C10DF66}.Release|x64.Build.0 = Release|Any CPU
		{96A02EC3-D9AD-49B7-A179-80483C10DF66}.Release|x86.ActiveCfg = Release|Any CPU
		{96A02EC3-D9AD-49B7-A179-80483C10DF66}.Release|x86.Build.0 = Release|Any CPU
		{0352BC39-DD9A-41C3-92B4-5173B11B222E}.Debug|Any CPU.ActiveCfg = Debug|Any CPU
		{0352BC39-DD9A-41C3-92B4-5173B11B222E}.Debug|Any CPU.Build.0 = Debug|Any CPU
		{0352BC39-DD9A-41C3-92B4-5173B11B222E}.Debug|x64.ActiveCfg = Debug|Any CPU
		{0352BC39-DD9A-41C3-92B4-5173B11B222E}.Debug|x64.Build.0 = Debug|Any CPU
		{0352BC39-DD9A-41C3-92B4-5173B11B222E}.Debug|x86.ActiveCfg = Debug|Any CPU
		{0352BC39-DD9A-41C3-92B4-5173B11B222E}.Debug|x86.Build.0 = Debug|Any CPU
		{0352BC39-DD9A-41C3-92B4-5173B11B222E}.Release|Any CPU.ActiveCfg = Release|Any CPU
		{0352BC39-DD9A-41C3-92B4-5173B11B222E}.Release|Any CPU.Build.0 = Release|Any CPU
		{0352BC39-DD9A-41C3-92B4-5173B11B222E}.Release|x64.ActiveCfg = Release|Any CPU
		{0352BC39-DD9A-41C3-92B4-5173B11B222E}.Release|x64.Build.0 = Release|Any CPU
		{0352BC39-DD9A-41C3-92B4-5173B11B222E}.Release|x86.ActiveCfg = Release|Any CPU
		{0352BC39-DD9A-41C3-92B4-5173B11B222E}.Release|x86.Build.0 = Release|Any CPU
		{5358DC0F-206C-4E2B-8AE8-AA4F354740DE}.Debug|Any CPU.ActiveCfg = Debug|Any CPU
		{5358DC0F-206C-4E2B-8AE8-AA4F354740DE}.Debug|Any CPU.Build.0 = Debug|Any CPU
		{5358DC0F-206C-4E2B-8AE8-AA4F354740DE}.Debug|x64.ActiveCfg = Debug|Any CPU
		{5358DC0F-206C-4E2B-8AE8-AA4F354740DE}.Debug|x64.Build.0 = Debug|Any CPU
		{5358DC0F-206C-4E2B-8AE8-AA4F354740DE}.Debug|x86.ActiveCfg = Debug|Any CPU
		{5358DC0F-206C-4E2B-8AE8-AA4F354740DE}.Debug|x86.Build.0 = Debug|Any CPU
		{5358DC0F-206C-4E2B-8AE8-AA4F354740DE}.Release|Any CPU.ActiveCfg = Release|Any CPU
		{5358DC0F-206C-4E2B-8AE8-AA4F354740DE}.Release|Any CPU.Build.0 = Release|Any CPU
		{5358DC0F-206C-4E2B-8AE8-AA4F354740DE}.Release|x64.ActiveCfg = Release|Any CPU
		{5358DC0F-206C-4E2B-8AE8-AA4F354740DE}.Release|x64.Build.0 = Release|Any CPU
		{5358DC0F-206C-4E2B-8AE8-AA4F354740DE}.Release|x86.ActiveCfg = Release|Any CPU
		{5358DC0F-206C-4E2B-8AE8-AA4F354740DE}.Release|x86.Build.0 = Release|Any CPU
		{4194BC60-926E-402D-A13B-4F739D5A4379}.Debug|Any CPU.ActiveCfg = Debug|Any CPU
		{4194BC60-926E-402D-A13B-4F739D5A4379}.Debug|Any CPU.Build.0 = Debug|Any CPU
		{4194BC60-926E-402D-A13B-4F739D5A4379}.Debug|x64.ActiveCfg = Debug|Any CPU
		{4194BC60-926E-402D-A13B-4F739D5A4379}.Debug|x64.Build.0 = Debug|Any CPU
		{4194BC60-926E-402D-A13B-4F739D5A4379}.Debug|x86.ActiveCfg = Debug|Any CPU
		{4194BC60-926E-402D-A13B-4F739D5A4379}.Debug|x86.Build.0 = Debug|Any CPU
		{4194BC60-926E-402D-A13B-4F739D5A4379}.Release|Any CPU.ActiveCfg = Release|Any CPU
		{4194BC60-926E-402D-A13B-4F739D5A4379}.Release|Any CPU.Build.0 = Release|Any CPU
		{4194BC60-926E-402D-A13B-4F739D5A4379}.Release|x64.ActiveCfg = Release|Any CPU
		{4194BC60-926E-402D-A13B-4F739D5A4379}.Release|x64.Build.0 = Release|Any CPU
		{4194BC60-926E-402D-A13B-4F739D5A4379}.Release|x86.ActiveCfg = Release|Any CPU
		{4194BC60-926E-402D-A13B-4F739D5A4379}.Release|x86.Build.0 = Release|Any CPU
		{9D27AB45-2CD5-472B-AC3B-89843760B3E4}.Debug|Any CPU.ActiveCfg = Debug|Any CPU
		{9D27AB45-2CD5-472B-AC3B-89843760B3E4}.Debug|Any CPU.Build.0 = Debug|Any CPU
		{9D27AB45-2CD5-472B-AC3B-89843760B3E4}.Debug|x64.ActiveCfg = Debug|Any CPU
		{9D27AB45-2CD5-472B-AC3B-89843760B3E4}.Debug|x64.Build.0 = Debug|Any CPU
		{9D27AB45-2CD5-472B-AC3B-89843760B3E4}.Debug|x86.ActiveCfg = Debug|Any CPU
		{9D27AB45-2CD5-472B-AC3B-89843760B3E4}.Debug|x86.Build.0 = Debug|Any CPU
		{9D27AB45-2CD5-472B-AC3B-89843760B3E4}.Release|Any CPU.ActiveCfg = Release|Any CPU
		{9D27AB45-2CD5-472B-AC3B-89843760B3E4}.Release|Any CPU.Build.0 = Release|Any CPU
		{9D27AB45-2CD5-472B-AC3B-89843760B3E4}.Release|x64.ActiveCfg = Release|Any CPU
		{9D27AB45-2CD5-472B-AC3B-89843760B3E4}.Release|x64.Build.0 = Release|Any CPU
		{9D27AB45-2CD5-472B-AC3B-89843760B3E4}.Release|x86.ActiveCfg = Release|Any CPU
		{9D27AB45-2CD5-472B-AC3B-89843760B3E4}.Release|x86.Build.0 = Release|Any CPU
		{014DC144-DE8A-4A04-87B3-F518EF1C8D75}.Debug|Any CPU.ActiveCfg = Debug|Any CPU
		{014DC144-DE8A-4A04-87B3-F518EF1C8D75}.Debug|Any CPU.Build.0 = Debug|Any CPU
		{014DC144-DE8A-4A04-87B3-F518EF1C8D75}.Debug|x64.ActiveCfg = Debug|Any CPU
		{014DC144-DE8A-4A04-87B3-F518EF1C8D75}.Debug|x64.Build.0 = Debug|Any CPU
		{014DC144-DE8A-4A04-87B3-F518EF1C8D75}.Debug|x86.ActiveCfg = Debug|Any CPU
		{014DC144-DE8A-4A04-87B3-F518EF1C8D75}.Debug|x86.Build.0 = Debug|Any CPU
		{014DC144-DE8A-4A04-87B3-F518EF1C8D75}.Release|Any CPU.ActiveCfg = Release|Any CPU
		{014DC144-DE8A-4A04-87B3-F518EF1C8D75}.Release|Any CPU.Build.0 = Release|Any CPU
		{014DC144-DE8A-4A04-87B3-F518EF1C8D75}.Release|x64.ActiveCfg = Release|Any CPU
		{014DC144-DE8A-4A04-87B3-F518EF1C8D75}.Release|x64.Build.0 = Release|Any CPU
		{014DC144-DE8A-4A04-87B3-F518EF1C8D75}.Release|x86.ActiveCfg = Release|Any CPU
		{014DC144-DE8A-4A04-87B3-F518EF1C8D75}.Release|x86.Build.0 = Release|Any CPU
		{A8896EE3-FDC8-4AA8-8A7A-D3E83FE5C65A}.Debug|Any CPU.ActiveCfg = Debug|Any CPU
		{A8896EE3-FDC8-4AA8-8A7A-D3E83FE5C65A}.Debug|Any CPU.Build.0 = Debug|Any CPU
		{A8896EE3-FDC8-4AA8-8A7A-D3E83FE5C65A}.Debug|x64.ActiveCfg = Debug|Any CPU
		{A8896EE3-FDC8-4AA8-8A7A-D3E83FE5C65A}.Debug|x64.Build.0 = Debug|Any CPU
		{A8896EE3-FDC8-4AA8-8A7A-D3E83FE5C65A}.Debug|x86.ActiveCfg = Debug|Any CPU
		{A8896EE3-FDC8-4AA8-8A7A-D3E83FE5C65A}.Debug|x86.Build.0 = Debug|Any CPU
		{A8896EE3-FDC8-4AA8-8A7A-D3E83FE5C65A}.Release|Any CPU.ActiveCfg = Release|Any CPU
		{A8896EE3-FDC8-4AA8-8A7A-D3E83FE5C65A}.Release|Any CPU.Build.0 = Release|Any CPU
		{A8896EE3-FDC8-4AA8-8A7A-D3E83FE5C65A}.Release|x64.ActiveCfg = Release|Any CPU
		{A8896EE3-FDC8-4AA8-8A7A-D3E83FE5C65A}.Release|x64.Build.0 = Release|Any CPU
		{A8896EE3-FDC8-4AA8-8A7A-D3E83FE5C65A}.Release|x86.ActiveCfg = Release|Any CPU
		{A8896EE3-FDC8-4AA8-8A7A-D3E83FE5C65A}.Release|x86.Build.0 = Release|Any CPU
		{74369C2B-4DB4-4A1B-A0F1-E345EE4AFE44}.Debug|Any CPU.ActiveCfg = Debug|Any CPU
		{74369C2B-4DB4-4A1B-A0F1-E345EE4AFE44}.Debug|Any CPU.Build.0 = Debug|Any CPU
		{74369C2B-4DB4-4A1B-A0F1-E345EE4AFE44}.Debug|x64.ActiveCfg = Debug|Any CPU
		{74369C2B-4DB4-4A1B-A0F1-E345EE4AFE44}.Debug|x64.Build.0 = Debug|Any CPU
		{74369C2B-4DB4-4A1B-A0F1-E345EE4AFE44}.Debug|x86.ActiveCfg = Debug|Any CPU
		{74369C2B-4DB4-4A1B-A0F1-E345EE4AFE44}.Debug|x86.Build.0 = Debug|Any CPU
		{74369C2B-4DB4-4A1B-A0F1-E345EE4AFE44}.Release|Any CPU.ActiveCfg = Release|Any CPU
		{74369C2B-4DB4-4A1B-A0F1-E345EE4AFE44}.Release|Any CPU.Build.0 = Release|Any CPU
		{74369C2B-4DB4-4A1B-A0F1-E345EE4AFE44}.Release|x64.ActiveCfg = Release|Any CPU
		{74369C2B-4DB4-4A1B-A0F1-E345EE4AFE44}.Release|x64.Build.0 = Release|Any CPU
		{74369C2B-4DB4-4A1B-A0F1-E345EE4AFE44}.Release|x86.ActiveCfg = Release|Any CPU
		{74369C2B-4DB4-4A1B-A0F1-E345EE4AFE44}.Release|x86.Build.0 = Release|Any CPU
		{0F441667-9731-254D-9F0D-7037F3FCA9D5}.Debug|Any CPU.ActiveCfg = Debug|Any CPU
		{0F441667-9731-254D-9F0D-7037F3FCA9D5}.Debug|Any CPU.Build.0 = Debug|Any CPU
		{0F441667-9731-254D-9F0D-7037F3FCA9D5}.Debug|x64.ActiveCfg = Debug|Any CPU
		{0F441667-9731-254D-9F0D-7037F3FCA9D5}.Debug|x64.Build.0 = Debug|Any CPU
		{0F441667-9731-254D-9F0D-7037F3FCA9D5}.Debug|x86.ActiveCfg = Debug|Any CPU
		{0F441667-9731-254D-9F0D-7037F3FCA9D5}.Debug|x86.Build.0 = Debug|Any CPU
		{0F441667-9731-254D-9F0D-7037F3FCA9D5}.Release|Any CPU.ActiveCfg = Release|Any CPU
		{0F441667-9731-254D-9F0D-7037F3FCA9D5}.Release|Any CPU.Build.0 = Release|Any CPU
		{0F441667-9731-254D-9F0D-7037F3FCA9D5}.Release|x64.ActiveCfg = Release|Any CPU
		{0F441667-9731-254D-9F0D-7037F3FCA9D5}.Release|x64.Build.0 = Release|Any CPU
		{0F441667-9731-254D-9F0D-7037F3FCA9D5}.Release|x86.ActiveCfg = Release|Any CPU
		{0F441667-9731-254D-9F0D-7037F3FCA9D5}.Release|x86.Build.0 = Release|Any CPU
		{0E419BE7-BC9C-4E07-A4FE-A4274DBE5BA0}.Debug|Any CPU.ActiveCfg = Debug|Any CPU
		{0E419BE7-BC9C-4E07-A4FE-A4274DBE5BA0}.Debug|Any CPU.Build.0 = Debug|Any CPU
		{0E419BE7-BC9C-4E07-A4FE-A4274DBE5BA0}.Debug|x64.ActiveCfg = Debug|Any CPU
		{0E419BE7-BC9C-4E07-A4FE-A4274DBE5BA0}.Debug|x64.Build.0 = Debug|Any CPU
		{0E419BE7-BC9C-4E07-A4FE-A4274DBE5BA0}.Debug|x86.ActiveCfg = Debug|Any CPU
		{0E419BE7-BC9C-4E07-A4FE-A4274DBE5BA0}.Debug|x86.Build.0 = Debug|Any CPU
		{0E419BE7-BC9C-4E07-A4FE-A4274DBE5BA0}.Release|Any CPU.ActiveCfg = Release|Any CPU
		{0E419BE7-BC9C-4E07-A4FE-A4274DBE5BA0}.Release|Any CPU.Build.0 = Release|Any CPU
		{0E419BE7-BC9C-4E07-A4FE-A4274DBE5BA0}.Release|x64.ActiveCfg = Release|Any CPU
		{0E419BE7-BC9C-4E07-A4FE-A4274DBE5BA0}.Release|x64.Build.0 = Release|Any CPU
		{0E419BE7-BC9C-4E07-A4FE-A4274DBE5BA0}.Release|x86.ActiveCfg = Release|Any CPU
		{0E419BE7-BC9C-4E07-A4FE-A4274DBE5BA0}.Release|x86.Build.0 = Release|Any CPU
		{14500E40-838C-0F04-8EE5-A6E4B841B5EC}.Debug|Any CPU.ActiveCfg = Debug|Any CPU
		{14500E40-838C-0F04-8EE5-A6E4B841B5EC}.Debug|Any CPU.Build.0 = Debug|Any CPU
		{14500E40-838C-0F04-8EE5-A6E4B841B5EC}.Debug|x64.ActiveCfg = Debug|Any CPU
		{14500E40-838C-0F04-8EE5-A6E4B841B5EC}.Debug|x64.Build.0 = Debug|Any CPU
		{14500E40-838C-0F04-8EE5-A6E4B841B5EC}.Debug|x86.ActiveCfg = Debug|Any CPU
		{14500E40-838C-0F04-8EE5-A6E4B841B5EC}.Debug|x86.Build.0 = Debug|Any CPU
		{14500E40-838C-0F04-8EE5-A6E4B841B5EC}.Release|Any CPU.ActiveCfg = Release|Any CPU
		{14500E40-838C-0F04-8EE5-A6E4B841B5EC}.Release|Any CPU.Build.0 = Release|Any CPU
		{14500E40-838C-0F04-8EE5-A6E4B841B5EC}.Release|x64.ActiveCfg = Release|Any CPU
		{14500E40-838C-0F04-8EE5-A6E4B841B5EC}.Release|x64.Build.0 = Release|Any CPU
		{14500E40-838C-0F04-8EE5-A6E4B841B5EC}.Release|x86.ActiveCfg = Release|Any CPU
		{14500E40-838C-0F04-8EE5-A6E4B841B5EC}.Release|x86.Build.0 = Release|Any CPU
		{9AA51E66-3B28-1F25-0A06-C485D4D9412E}.Debug|Any CPU.ActiveCfg = Debug|Any CPU
		{9AA51E66-3B28-1F25-0A06-C485D4D9412E}.Debug|Any CPU.Build.0 = Debug|Any CPU
		{9AA51E66-3B28-1F25-0A06-C485D4D9412E}.Debug|x64.ActiveCfg = Debug|Any CPU
		{9AA51E66-3B28-1F25-0A06-C485D4D9412E}.Debug|x64.Build.0 = Debug|Any CPU
		{9AA51E66-3B28-1F25-0A06-C485D4D9412E}.Debug|x86.ActiveCfg = Debug|Any CPU
		{9AA51E66-3B28-1F25-0A06-C485D4D9412E}.Debug|x86.Build.0 = Debug|Any CPU
		{9AA51E66-3B28-1F25-0A06-C485D4D9412E}.Release|Any CPU.ActiveCfg = Release|Any CPU
		{9AA51E66-3B28-1F25-0A06-C485D4D9412E}.Release|Any CPU.Build.0 = Release|Any CPU
		{9AA51E66-3B28-1F25-0A06-C485D4D9412E}.Release|x64.ActiveCfg = Release|Any CPU
		{9AA51E66-3B28-1F25-0A06-C485D4D9412E}.Release|x64.Build.0 = Release|Any CPU
		{9AA51E66-3B28-1F25-0A06-C485D4D9412E}.Release|x86.ActiveCfg = Release|Any CPU
		{9AA51E66-3B28-1F25-0A06-C485D4D9412E}.Release|x86.Build.0 = Release|Any CPU
		{08B88C04-57C4-40F2-AF09-C5269F879F79}.Debug|Any CPU.ActiveCfg = Debug|Any CPU
		{08B88C04-57C4-40F2-AF09-C5269F879F79}.Debug|Any CPU.Build.0 = Debug|Any CPU
		{08B88C04-57C4-40F2-AF09-C5269F879F79}.Debug|x64.ActiveCfg = Debug|Any CPU
		{08B88C04-57C4-40F2-AF09-C5269F879F79}.Debug|x64.Build.0 = Debug|Any CPU
		{08B88C04-57C4-40F2-AF09-C5269F879F79}.Debug|x86.ActiveCfg = Debug|Any CPU
		{08B88C04-57C4-40F2-AF09-C5269F879F79}.Debug|x86.Build.0 = Debug|Any CPU
		{08B88C04-57C4-40F2-AF09-C5269F879F79}.Release|Any CPU.ActiveCfg = Release|Any CPU
		{08B88C04-57C4-40F2-AF09-C5269F879F79}.Release|Any CPU.Build.0 = Release|Any CPU
		{08B88C04-57C4-40F2-AF09-C5269F879F79}.Release|x64.ActiveCfg = Release|Any CPU
		{08B88C04-57C4-40F2-AF09-C5269F879F79}.Release|x64.Build.0 = Release|Any CPU
		{08B88C04-57C4-40F2-AF09-C5269F879F79}.Release|x86.ActiveCfg = Release|Any CPU
		{08B88C04-57C4-40F2-AF09-C5269F879F79}.Release|x86.Build.0 = Release|Any CPU
		{DF7D9FA0-14CF-F1EF-B1DD-AB14A802304A}.Debug|Any CPU.ActiveCfg = Debug|Any CPU
		{DF7D9FA0-14CF-F1EF-B1DD-AB14A802304A}.Debug|Any CPU.Build.0 = Debug|Any CPU
		{DF7D9FA0-14CF-F1EF-B1DD-AB14A802304A}.Debug|x64.ActiveCfg = Debug|Any CPU
		{DF7D9FA0-14CF-F1EF-B1DD-AB14A802304A}.Debug|x64.Build.0 = Debug|Any CPU
		{DF7D9FA0-14CF-F1EF-B1DD-AB14A802304A}.Debug|x86.ActiveCfg = Debug|Any CPU
		{DF7D9FA0-14CF-F1EF-B1DD-AB14A802304A}.Debug|x86.Build.0 = Debug|Any CPU
		{DF7D9FA0-14CF-F1EF-B1DD-AB14A802304A}.Release|Any CPU.ActiveCfg = Release|Any CPU
		{DF7D9FA0-14CF-F1EF-B1DD-AB14A802304A}.Release|Any CPU.Build.0 = Release|Any CPU
		{DF7D9FA0-14CF-F1EF-B1DD-AB14A802304A}.Release|x64.ActiveCfg = Release|Any CPU
		{DF7D9FA0-14CF-F1EF-B1DD-AB14A802304A}.Release|x64.Build.0 = Release|Any CPU
		{DF7D9FA0-14CF-F1EF-B1DD-AB14A802304A}.Release|x86.ActiveCfg = Release|Any CPU
		{DF7D9FA0-14CF-F1EF-B1DD-AB14A802304A}.Release|x86.Build.0 = Release|Any CPU
		{EAE3F6AF-4B48-6D3B-72D0-2340ACAFD40D}.Debug|Any CPU.ActiveCfg = Debug|Any CPU
		{EAE3F6AF-4B48-6D3B-72D0-2340ACAFD40D}.Debug|Any CPU.Build.0 = Debug|Any CPU
		{EAE3F6AF-4B48-6D3B-72D0-2340ACAFD40D}.Debug|x64.ActiveCfg = Debug|Any CPU
		{EAE3F6AF-4B48-6D3B-72D0-2340ACAFD40D}.Debug|x64.Build.0 = Debug|Any CPU
		{EAE3F6AF-4B48-6D3B-72D0-2340ACAFD40D}.Debug|x86.ActiveCfg = Debug|Any CPU
		{EAE3F6AF-4B48-6D3B-72D0-2340ACAFD40D}.Debug|x86.Build.0 = Debug|Any CPU
		{EAE3F6AF-4B48-6D3B-72D0-2340ACAFD40D}.Release|Any CPU.ActiveCfg = Release|Any CPU
		{EAE3F6AF-4B48-6D3B-72D0-2340ACAFD40D}.Release|Any CPU.Build.0 = Release|Any CPU
		{EAE3F6AF-4B48-6D3B-72D0-2340ACAFD40D}.Release|x64.ActiveCfg = Release|Any CPU
		{EAE3F6AF-4B48-6D3B-72D0-2340ACAFD40D}.Release|x64.Build.0 = Release|Any CPU
		{EAE3F6AF-4B48-6D3B-72D0-2340ACAFD40D}.Release|x86.ActiveCfg = Release|Any CPU
		{EAE3F6AF-4B48-6D3B-72D0-2340ACAFD40D}.Release|x86.Build.0 = Release|Any CPU
		{12C76941-CB0E-D7DC-CB33-7CA505217B1A}.Debug|Any CPU.ActiveCfg = Debug|Any CPU
		{12C76941-CB0E-D7DC-CB33-7CA505217B1A}.Debug|Any CPU.Build.0 = Debug|Any CPU
		{12C76941-CB0E-D7DC-CB33-7CA505217B1A}.Debug|x64.ActiveCfg = Debug|Any CPU
		{12C76941-CB0E-D7DC-CB33-7CA505217B1A}.Debug|x64.Build.0 = Debug|Any CPU
		{12C76941-CB0E-D7DC-CB33-7CA505217B1A}.Debug|x86.ActiveCfg = Debug|Any CPU
		{12C76941-CB0E-D7DC-CB33-7CA505217B1A}.Debug|x86.Build.0 = Debug|Any CPU
		{12C76941-CB0E-D7DC-CB33-7CA505217B1A}.Release|Any CPU.ActiveCfg = Release|Any CPU
		{12C76941-CB0E-D7DC-CB33-7CA505217B1A}.Release|Any CPU.Build.0 = Release|Any CPU
		{12C76941-CB0E-D7DC-CB33-7CA505217B1A}.Release|x64.ActiveCfg = Release|Any CPU
		{12C76941-CB0E-D7DC-CB33-7CA505217B1A}.Release|x64.Build.0 = Release|Any CPU
		{12C76941-CB0E-D7DC-CB33-7CA505217B1A}.Release|x86.ActiveCfg = Release|Any CPU
		{12C76941-CB0E-D7DC-CB33-7CA505217B1A}.Release|x86.Build.0 = Release|Any CPU
		{66839A88-DA7B-57B8-6B85-33EF092108F1}.Debug|Any CPU.ActiveCfg = Debug|Any CPU
		{66839A88-DA7B-57B8-6B85-33EF092108F1}.Debug|Any CPU.Build.0 = Debug|Any CPU
		{66839A88-DA7B-57B8-6B85-33EF092108F1}.Debug|x64.ActiveCfg = Debug|Any CPU
		{66839A88-DA7B-57B8-6B85-33EF092108F1}.Debug|x64.Build.0 = Debug|Any CPU
		{66839A88-DA7B-57B8-6B85-33EF092108F1}.Debug|x86.ActiveCfg = Debug|Any CPU
		{66839A88-DA7B-57B8-6B85-33EF092108F1}.Debug|x86.Build.0 = Debug|Any CPU
		{66839A88-DA7B-57B8-6B85-33EF092108F1}.Release|Any CPU.ActiveCfg = Release|Any CPU
		{66839A88-DA7B-57B8-6B85-33EF092108F1}.Release|Any CPU.Build.0 = Release|Any CPU
		{66839A88-DA7B-57B8-6B85-33EF092108F1}.Release|x64.ActiveCfg = Release|Any CPU
		{66839A88-DA7B-57B8-6B85-33EF092108F1}.Release|x64.Build.0 = Release|Any CPU
		{66839A88-DA7B-57B8-6B85-33EF092108F1}.Release|x86.ActiveCfg = Release|Any CPU
		{66839A88-DA7B-57B8-6B85-33EF092108F1}.Release|x86.Build.0 = Release|Any CPU
		{3AE7F471-C750-1EDA-336D-928FF5C3D632}.Debug|Any CPU.ActiveCfg = Debug|Any CPU
		{3AE7F471-C750-1EDA-336D-928FF5C3D632}.Debug|Any CPU.Build.0 = Debug|Any CPU
		{3AE7F471-C750-1EDA-336D-928FF5C3D632}.Debug|x64.ActiveCfg = Debug|Any CPU
		{3AE7F471-C750-1EDA-336D-928FF5C3D632}.Debug|x64.Build.0 = Debug|Any CPU
		{3AE7F471-C750-1EDA-336D-928FF5C3D632}.Debug|x86.ActiveCfg = Debug|Any CPU
		{3AE7F471-C750-1EDA-336D-928FF5C3D632}.Debug|x86.Build.0 = Debug|Any CPU
		{3AE7F471-C750-1EDA-336D-928FF5C3D632}.Release|Any CPU.ActiveCfg = Release|Any CPU
		{3AE7F471-C750-1EDA-336D-928FF5C3D632}.Release|Any CPU.Build.0 = Release|Any CPU
		{3AE7F471-C750-1EDA-336D-928FF5C3D632}.Release|x64.ActiveCfg = Release|Any CPU
		{3AE7F471-C750-1EDA-336D-928FF5C3D632}.Release|x64.Build.0 = Release|Any CPU
		{3AE7F471-C750-1EDA-336D-928FF5C3D632}.Release|x86.ActiveCfg = Release|Any CPU
		{3AE7F471-C750-1EDA-336D-928FF5C3D632}.Release|x86.Build.0 = Release|Any CPU
		{1BE4F8A7-A549-8BD1-4402-1DBA9E9F7221}.Debug|Any CPU.ActiveCfg = Debug|Any CPU
		{1BE4F8A7-A549-8BD1-4402-1DBA9E9F7221}.Debug|Any CPU.Build.0 = Debug|Any CPU
		{1BE4F8A7-A549-8BD1-4402-1DBA9E9F7221}.Debug|x64.ActiveCfg = Debug|Any CPU
		{1BE4F8A7-A549-8BD1-4402-1DBA9E9F7221}.Debug|x64.Build.0 = Debug|Any CPU
		{1BE4F8A7-A549-8BD1-4402-1DBA9E9F7221}.Debug|x86.ActiveCfg = Debug|Any CPU
		{1BE4F8A7-A549-8BD1-4402-1DBA9E9F7221}.Debug|x86.Build.0 = Debug|Any CPU
		{1BE4F8A7-A549-8BD1-4402-1DBA9E9F7221}.Release|Any CPU.ActiveCfg = Release|Any CPU
		{1BE4F8A7-A549-8BD1-4402-1DBA9E9F7221}.Release|Any CPU.Build.0 = Release|Any CPU
		{1BE4F8A7-A549-8BD1-4402-1DBA9E9F7221}.Release|x64.ActiveCfg = Release|Any CPU
		{1BE4F8A7-A549-8BD1-4402-1DBA9E9F7221}.Release|x64.Build.0 = Release|Any CPU
		{1BE4F8A7-A549-8BD1-4402-1DBA9E9F7221}.Release|x86.ActiveCfg = Release|Any CPU
		{1BE4F8A7-A549-8BD1-4402-1DBA9E9F7221}.Release|x86.Build.0 = Release|Any CPU
		{939264C3-6B1A-2B04-788C-4CDB39194353}.Debug|Any CPU.ActiveCfg = Debug|Any CPU
		{939264C3-6B1A-2B04-788C-4CDB39194353}.Debug|Any CPU.Build.0 = Debug|Any CPU
		{939264C3-6B1A-2B04-788C-4CDB39194353}.Debug|x64.ActiveCfg = Debug|Any CPU
		{939264C3-6B1A-2B04-788C-4CDB39194353}.Debug|x64.Build.0 = Debug|Any CPU
		{939264C3-6B1A-2B04-788C-4CDB39194353}.Debug|x86.ActiveCfg = Debug|Any CPU
		{939264C3-6B1A-2B04-788C-4CDB39194353}.Debug|x86.Build.0 = Debug|Any CPU
		{939264C3-6B1A-2B04-788C-4CDB39194353}.Release|Any CPU.ActiveCfg = Release|Any CPU
		{939264C3-6B1A-2B04-788C-4CDB39194353}.Release|Any CPU.Build.0 = Release|Any CPU
		{939264C3-6B1A-2B04-788C-4CDB39194353}.Release|x64.ActiveCfg = Release|Any CPU
		{939264C3-6B1A-2B04-788C-4CDB39194353}.Release|x64.Build.0 = Release|Any CPU
		{939264C3-6B1A-2B04-788C-4CDB39194353}.Release|x86.ActiveCfg = Release|Any CPU
		{939264C3-6B1A-2B04-788C-4CDB39194353}.Release|x86.Build.0 = Release|Any CPU
		{26051E08-68FD-4101-B4F2-A26A74529703}.Debug|Any CPU.ActiveCfg = Debug|Any CPU
		{26051E08-68FD-4101-B4F2-A26A74529703}.Debug|Any CPU.Build.0 = Debug|Any CPU
		{26051E08-68FD-4101-B4F2-A26A74529703}.Debug|x64.ActiveCfg = Debug|Any CPU
		{26051E08-68FD-4101-B4F2-A26A74529703}.Debug|x64.Build.0 = Debug|Any CPU
		{26051E08-68FD-4101-B4F2-A26A74529703}.Debug|x86.ActiveCfg = Debug|Any CPU
		{26051E08-68FD-4101-B4F2-A26A74529703}.Debug|x86.Build.0 = Debug|Any CPU
		{26051E08-68FD-4101-B4F2-A26A74529703}.Release|Any CPU.ActiveCfg = Release|Any CPU
		{26051E08-68FD-4101-B4F2-A26A74529703}.Release|Any CPU.Build.0 = Release|Any CPU
		{26051E08-68FD-4101-B4F2-A26A74529703}.Release|x64.ActiveCfg = Release|Any CPU
		{26051E08-68FD-4101-B4F2-A26A74529703}.Release|x64.Build.0 = Release|Any CPU
		{26051E08-68FD-4101-B4F2-A26A74529703}.Release|x86.ActiveCfg = Release|Any CPU
		{26051E08-68FD-4101-B4F2-A26A74529703}.Release|x86.Build.0 = Release|Any CPU
		{E9DDE451-E0CE-EEB3-7F36-474CB02099FA}.Debug|Any CPU.ActiveCfg = Debug|Any CPU
		{E9DDE451-E0CE-EEB3-7F36-474CB02099FA}.Debug|Any CPU.Build.0 = Debug|Any CPU
		{E9DDE451-E0CE-EEB3-7F36-474CB02099FA}.Debug|x64.ActiveCfg = Debug|Any CPU
		{E9DDE451-E0CE-EEB3-7F36-474CB02099FA}.Debug|x64.Build.0 = Debug|Any CPU
		{E9DDE451-E0CE-EEB3-7F36-474CB02099FA}.Debug|x86.ActiveCfg = Debug|Any CPU
		{E9DDE451-E0CE-EEB3-7F36-474CB02099FA}.Debug|x86.Build.0 = Debug|Any CPU
		{E9DDE451-E0CE-EEB3-7F36-474CB02099FA}.Release|Any CPU.ActiveCfg = Release|Any CPU
		{E9DDE451-E0CE-EEB3-7F36-474CB02099FA}.Release|Any CPU.Build.0 = Release|Any CPU
		{E9DDE451-E0CE-EEB3-7F36-474CB02099FA}.Release|x64.ActiveCfg = Release|Any CPU
		{E9DDE451-E0CE-EEB3-7F36-474CB02099FA}.Release|x64.Build.0 = Release|Any CPU
		{E9DDE451-E0CE-EEB3-7F36-474CB02099FA}.Release|x86.ActiveCfg = Release|Any CPU
		{E9DDE451-E0CE-EEB3-7F36-474CB02099FA}.Release|x86.Build.0 = Release|Any CPU
		{8B938A06-52EE-E653-B8BF-8B06B1E472EE}.Debug|Any CPU.ActiveCfg = Debug|Any CPU
		{8B938A06-52EE-E653-B8BF-8B06B1E472EE}.Debug|Any CPU.Build.0 = Debug|Any CPU
		{8B938A06-52EE-E653-B8BF-8B06B1E472EE}.Debug|x64.ActiveCfg = Debug|Any CPU
		{8B938A06-52EE-E653-B8BF-8B06B1E472EE}.Debug|x64.Build.0 = Debug|Any CPU
		{8B938A06-52EE-E653-B8BF-8B06B1E472EE}.Debug|x86.ActiveCfg = Debug|Any CPU
		{8B938A06-52EE-E653-B8BF-8B06B1E472EE}.Debug|x86.Build.0 = Debug|Any CPU
		{8B938A06-52EE-E653-B8BF-8B06B1E472EE}.Release|Any CPU.ActiveCfg = Release|Any CPU
		{8B938A06-52EE-E653-B8BF-8B06B1E472EE}.Release|Any CPU.Build.0 = Release|Any CPU
		{8B938A06-52EE-E653-B8BF-8B06B1E472EE}.Release|x64.ActiveCfg = Release|Any CPU
		{8B938A06-52EE-E653-B8BF-8B06B1E472EE}.Release|x64.Build.0 = Release|Any CPU
		{8B938A06-52EE-E653-B8BF-8B06B1E472EE}.Release|x86.ActiveCfg = Release|Any CPU
		{8B938A06-52EE-E653-B8BF-8B06B1E472EE}.Release|x86.Build.0 = Release|Any CPU
	EndGlobalSection
	GlobalSection(SolutionProperties) = preSolution
		HideSolutionNode = FALSE
	EndGlobalSection
	GlobalSection(NestedProjects) = preSolution
		{5358DC0F-206C-4E2B-8AE8-AA4F354740DE} = {E7F4E028-0E92-437E-972D-0615F3CC9DAF}
		{4194BC60-926E-402D-A13B-4F739D5A4379} = {02EA681E-C7D8-13C7-8484-4AC65E1B71E8}
		{9D27AB45-2CD5-472B-AC3B-89843760B3E4} = {02EA681E-C7D8-13C7-8484-4AC65E1B71E8}
		{014DC144-DE8A-4A04-87B3-F518EF1C8D75} = {02EA681E-C7D8-13C7-8484-4AC65E1B71E8}
		{A8896EE3-FDC8-4AA8-8A7A-D3E83FE5C65A} = {02EA681E-C7D8-13C7-8484-4AC65E1B71E8}
		{02EA681E-C7D8-13C7-8484-4AC65E1B71E8} = {E7F4E028-0E92-437E-972D-0615F3CC9DAF}
		{E96EC76E-58A7-45F1-B7B6-179916CBEDF0} = {E7F4E028-0E92-437E-972D-0615F3CC9DAF}
		{C88A37B4-DC8D-4BD5-A497-56DA28ED9248} = {E7F4E028-0E92-437E-972D-0615F3CC9DAF}
		{0F441667-9731-254D-9F0D-7037F3FCA9D5} = {02EA681E-C7D8-13C7-8484-4AC65E1B71E8}
		{F18C7E8E-4348-4DC0-8546-CAB23FF746F2} = {E7F4E028-0E92-437E-972D-0615F3CC9DAF}
		{14500E40-838C-0F04-8EE5-A6E4B841B5EC} = {F18C7E8E-4348-4DC0-8546-CAB23FF746F2}
		{9AA51E66-3B28-1F25-0A06-C485D4D9412E} = {F18C7E8E-4348-4DC0-8546-CAB23FF746F2}
		{DF7D9FA0-14CF-F1EF-B1DD-AB14A802304A} = {E7F4E028-0E92-437E-972D-0615F3CC9DAF}
		{EAE3F6AF-4B48-6D3B-72D0-2340ACAFD40D} = {E96EC76E-58A7-45F1-B7B6-179916CBEDF0}
		{12C76941-CB0E-D7DC-CB33-7CA505217B1A} = {E96EC76E-58A7-45F1-B7B6-179916CBEDF0}
		{66839A88-DA7B-57B8-6B85-33EF092108F1} = {4BE3959C-506E-4310-9B74-5A5F81EFA1DD}
		{3AE7F471-C750-1EDA-336D-928FF5C3D632} = {4BE3959C-506E-4310-9B74-5A5F81EFA1DD}
		{1BE4F8A7-A549-8BD1-4402-1DBA9E9F7221} = {4BE3959C-506E-4310-9B74-5A5F81EFA1DD}
		{E9DDE451-E0CE-EEB3-7F36-474CB02099FA} = {C88A37B4-DC8D-4BD5-A497-56DA28ED9248}
		{8B938A06-52EE-E653-B8BF-8B06B1E472EE} = {C88A37B4-DC8D-4BD5-A497-56DA28ED9248}
	EndGlobalSection
	GlobalSection(ExtensibilityGlobals) = postSolution
		SolutionGuid = {30F9B61D-F0AA-4F0C-B90B-975A2853459E}
	EndGlobalSection
EndGlobal
